
Microsoft Visual Studio Solution File, Format Version 12.00
# Visual Studio Version 16
VisualStudioVersion = 16.0.34114.132
MinimumVisualStudioVersion = 10.0.40219.1
Project("{FAE04EC0-301F-11D3-BF4B-00C04F79EFBC}") = "GradingSystemCsharp", "GradingSystemCsharp\GradingSystemCsharp.csproj", "{5DBEA876-3287-4BC2-AAED-C69BC6725DA3}"
EndProject
Global
	GlobalSection(SolutionConfigurationPlatforms) = preSolution
		Debug|Any CPU = Debug|Any CPU
		Release|Any CPU = Release|Any CPU
	EndGlobalSection
	GlobalSection(ProjectConfigurationPlatforms) = postSolution
		{5DBEA876-3287-4BC2-AAED-C69BC6725DA3}.Debug|Any CPU.ActiveCfg = Debug|Any CPU
		{5DBEA876-3287-4BC2-AAED-C69BC6725DA3}.Debug|Any CPU.Build.0 = Debug|Any CPU
		{5DBEA876-3287-4BC2-AAED-C69BC6725DA3}.Release|Any CPU.ActiveCfg = Release|Any CPU
		{5DBEA876-3287-4BC2-AAED-C69BC6725DA3}.Release|Any CPU.Build.0 = Release|Any CPU
	EndGlobalSection
	GlobalSection(SolutionProperties) = preSolution
		HideSolutionNode = FALSE
	EndGlobalSection
	GlobalSection(ExtensibilityGlobals) = postSolution
		SolutionGuid = {0F1EE4FA-D735-4D05-81B8-DF66AE70CF3D}
	EndGlobalSection
EndGlobal
