
Microsoft Visual Studio Solution File, Format Version 12.00
# Visual Studio Version 16
VisualStudioVersion = 16.0.34114.132
MinimumVisualStudioVersion = 10.0.40219.1
Project("{FAE04EC0-301F-11D3-BF4B-00C04F79EFBC}") = "WindowsFormsAppCsharp", "WindowsFormsAppCsharp\WindowsFormsAppCsharp.csproj", "{20E72D0A-73F3-4D55-806B-006BB418B256}"
EndProject
Global
	GlobalSection(SolutionConfigurationPlatforms) = preSolution
		Debug|Any CPU = Debug|Any CPU
		Release|Any CPU = Release|Any CPU
	EndGlobalSection
	GlobalSection(ProjectConfigurationPlatforms) = postSolution
		{20E72D0A-73F3-4D55-806B-006BB418B256}.Debug|Any CPU.ActiveCfg = Debug|Any CPU
		{20E72D0A-73F3-4D55-806B-006BB418B256}.Debug|Any CPU.Build.0 = Debug|Any CPU
		{20E72D0A-73F3-4D55-806B-006BB418B256}.Release|Any CPU.ActiveCfg = Release|Any CPU
		{20E72D0A-73F3-4D55-806B-006BB418B256}.Release|Any CPU.Build.0 = Release|Any CPU
	EndGlobalSection
	GlobalSection(SolutionProperties) = preSolution
		HideSolutionNode = FALSE
	EndGlobalSection
	GlobalSection(ExtensibilityGlobals) = postSolution
		SolutionGuid = {B2FE4C4D-2EF0-41F0-B351-60BCD3DC40EE}
	EndGlobalSection
EndGlobal
