
Microsoft Visual Studio Solution File, Format Version 12.00
# Visual Studio Version 16
VisualStudioVersion = 16.0.34114.132
MinimumVisualStudioVersion = 10.0.40219.1
Project("{FAE04EC0-301F-11D3-BF4B-00C04F79EFBC}") = "PaySlipConsoleApp", "PaySlipConsoleApp\PaySlipConsoleApp.csproj", "{FACA668E-D987-4E90-90B0-3B3A98AC8A21}"
EndProject
Global
	GlobalSection(SolutionConfigurationPlatforms) = preSolution
		Debug|Any CPU = Debug|Any CPU
		Release|Any CPU = Release|Any CPU
	EndGlobalSection
	GlobalSection(ProjectConfigurationPlatforms) = postSolution
		{FACA668E-D987-4E90-90B0-3B3A98AC8A21}.Debug|Any CPU.ActiveCfg = Debug|Any CPU
		{FACA668E-D987-4E90-90B0-3B3A98AC8A21}.Debug|Any CPU.Build.0 = Debug|Any CPU
		{FACA668E-D987-4E90-90B0-3B3A98AC8A21}.Release|Any CPU.ActiveCfg = Release|Any CPU
		{FACA668E-D987-4E90-90B0-3B3A98AC8A21}.Release|Any CPU.Build.0 = Release|Any CPU
	EndGlobalSection
	GlobalSection(SolutionProperties) = preSolution
		HideSolutionNode = FALSE
	EndGlobalSection
	GlobalSection(ExtensibilityGlobals) = postSolution
		SolutionGuid = {8A9F8A2C-EB81-4B93-B8A8-BC96CB845B75}
	EndGlobalSection
EndGlobal
