
Microsoft Visual Studio Solution File, Format Version 12.00
# Visual Studio Version 16
VisualStudioVersion = 16.0.34114.132
MinimumVisualStudioVersion = 10.0.40219.1
Project("{FAE04EC0-301F-11D3-BF4B-00C04F79EFBC}") = "ClassConsoleApp", "ClassConsoleApp\ClassConsoleApp.csproj", "{11207D32-5171-4DEE-B8EA-EB544C7E6BAA}"
EndProject
Global
	GlobalSection(SolutionConfigurationPlatforms) = preSolution
		Debug|Any CPU = Debug|Any CPU
		Release|Any CPU = Release|Any CPU
	EndGlobalSection
	GlobalSection(ProjectConfigurationPlatforms) = postSolution
		{11207D32-5171-4DEE-B8EA-EB544C7E6BAA}.Debug|Any CPU.ActiveCfg = Debug|Any CPU
		{11207D32-5171-4DEE-B8EA-EB544C7E6BAA}.Debug|Any CPU.Build.0 = Debug|Any CPU
		{11207D32-5171-4DEE-B8EA-EB544C7E6BAA}.Release|Any CPU.ActiveCfg = Release|Any CPU
		{11207D32-5171-4DEE-B8EA-EB544C7E6BAA}.Release|Any CPU.Build.0 = Release|Any CPU
	EndGlobalSection
	GlobalSection(SolutionProperties) = preSolution
		HideSolutionNode = FALSE
	EndGlobalSection
	GlobalSection(ExtensibilityGlobals) = postSolution
		SolutionGuid = {C35E1D99-5BD4-4C68-BD80-6FCDABF271D3}
	EndGlobalSection
EndGlobal
